
Microsoft Visual Studio Solution File, Format Version 12.00
# Visual Studio 15
VisualStudioVersion = 15.0.28307.136
MinimumVisualStudioVersion = 10.0.40219.1
Project("{FAE04EC0-301F-11D3-BF4B-00C04F79EFBC}") = "ExpressionsTester", "ExpressionsTester\ExpressionsTester.csproj", "{EF57F7DB-0F3F-4D81-8D7A-F894DC001291}"
EndProject
Global
	GlobalSection(SolutionConfigurationPlatforms) = preSolution
		Debug|Any CPU = Debug|Any CPU
		Release|Any CPU = Release|Any CPU
	EndGlobalSection
	GlobalSection(ProjectConfigurationPlatforms) = postSolution
		{EF57F7DB-0F3F-4D81-8D7A-F894DC001291}.Debug|Any CPU.ActiveCfg = Debug|Any CPU
		{EF57F7DB-0F3F-4D81-8D7A-F894DC001291}.Debug|Any CPU.Build.0 = Debug|Any CPU
		{EF57F7DB-0F3F-4D81-8D7A-F894DC001291}.Release|Any CPU.ActiveCfg = Release|Any CPU
		{EF57F7DB-0F3F-4D81-8D7A-F894DC001291}.Release|Any CPU.Build.0 = Release|Any CPU
	EndGlobalSection
	GlobalSection(SolutionProperties) = preSolution
		HideSolutionNode = FALSE
	EndGlobalSection
	GlobalSection(ExtensibilityGlobals) = postSolution
		SolutionGuid = {C036E892-3DBD-4A78-95E7-2BB2B0E3EC95}
	EndGlobalSection
EndGlobal
